// !$*UTF8*$!
{
	archiveVersion = 1;
	classes = {
	};
	objectVersion = 77;
	objects = {

/* Begin PBXBuildFile section */
		06628BE4AF83E08E4C014F13 /* SpotifyTrack.swift in Sources */ = {isa = PBXBuildFile; fileRef = AD20BDE0536416FD2E5027E8 /* SpotifyTrack.swift */; };
		27258DD3BD493164A8A3F177 /* SpotifyTrackParserTests.swift in Sources */ = {isa = PBXBuildFile; fileRef = 7EF5A723EFD6F834403E060A /* SpotifyTrackParserTests.swift */; };
		5483BC429E6D1053D247B987 /* SpotifyAppleScriptClient.swift in Sources */ = {isa = PBXBuildFile; fileRef = B05DC7EA94592E5EFEAE1B4C /* SpotifyAppleScriptClient.swift */; };
		59FF79536A31C39DF66929EF /* TrackPeekApp.swift in Sources */ = {isa = PBXBuildFile; fileRef = 3EB8B3A7EA66CB48B32DC836 /* TrackPeekApp.swift */; };
		8B418592E4B3B5E8A18EC483 /* SpotifySpikeModelTests.swift in Sources */ = {isa = PBXBuildFile; fileRef = 609CB9E1102FD1828A45504A /* SpotifySpikeModelTests.swift */; };
		AAA28A2E84B8C81CBAF3B84A /* SpotifySpikeView.swift in Sources */ = {isa = PBXBuildFile; fileRef = B3038E7F01249006EC47AA41 /* SpotifySpikeView.swift */; };
		D0D1877AC7712F2D89CD035A /* SpotifySpikeModel.swift in Sources */ = {isa = PBXBuildFile; fileRef = 1A47F67E2514C38F7C379BD2 /* SpotifySpikeModel.swift */; };
/* End PBXBuildFile section */

/* Begin PBXContainerItemProxy section */
		62574962F378DC518AABDD8C /* PBXContainerItemProxy */ = {
			isa = PBXContainerItemProxy;
			containerPortal = EBC05B20E4A47D72C07A7A41 /* Project object */;
			proxyType = 1;
			remoteGlobalIDString = 7E0DF78703E9B753924C079F;
			remoteInfo = TrackPeek;
		};
/* End PBXContainerItemProxy section */

/* Begin PBXFileReference section */
		1A47F67E2514C38F7C379BD2 /* SpotifySpikeModel.swift */ = {isa = PBXFileReference; lastKnownFileType = sourcecode.swift; path = SpotifySpikeModel.swift; sourceTree = "<group>"; };
		344095CFCE94AECD10CBDEBB /* TrackPeek.app */ = {isa = PBXFileReference; explicitFileType = wrapper.application; includeInIndex = 0; path = TrackPeek.app; sourceTree = BUILT_PRODUCTS_DIR; };
		3EB8B3A7EA66CB48B32DC836 /* TrackPeekApp.swift */ = {isa = PBXFileReference; lastKnownFileType = sourcecode.swift; path = TrackPeekApp.swift; sourceTree = "<group>"; };
		609CB9E1102FD1828A45504A /* SpotifySpikeModelTests.swift */ = {isa = PBXFileReference; lastKnownFileType = sourcecode.swift; path = SpotifySpikeModelTests.swift; sourceTree = "<group>"; };
		7EF5A723EFD6F834403E060A /* SpotifyTrackParserTests.swift */ = {isa = PBXFileReference; lastKnownFileType = sourcecode.swift; path = SpotifyTrackParserTests.swift; sourceTree = "<group>"; };
		9A4C06534FB79978AF93A235 /* TrackPeekTests.xctest */ = {isa = PBXFileReference; explicitFileType = wrapper.cfbundle; includeInIndex = 0; path = TrackPeekTests.xctest; sourceTree = BUILT_PRODUCTS_DIR; };
		AD20BDE0536416FD2E5027E8 /* SpotifyTrack.swift */ = {isa = PBXFileReference; lastKnownFileType = sourcecode.swift; path = SpotifyTrack.swift; sourceTree = "<group>"; };
		B05DC7EA94592E5EFEAE1B4C /* SpotifyAppleScriptClient.swift */ = {isa = PBXFileReference; lastKnownFileType = sourcecode.swift; path = SpotifyAppleScriptClient.swift; sourceTree = "<group>"; };
		B3038E7F01249006EC47AA41 /* SpotifySpikeView.swift */ = {isa = PBXFileReference; lastKnownFileType = sourcecode.swift; path = SpotifySpikeView.swift; sourceTree = "<group>"; };
/* End PBXFileReference section */

/* Begin PBXGroup section */
		21CAC22B9C1B8EAB75544365 /* Models */ = {
			isa = PBXGroup;
			children = (
				AD20BDE0536416FD2E5027E8 /* SpotifyTrack.swift */,
			);
			path = Models;
			sourceTree = "<group>";
		};
		2EA68A0EBB7FAF74B71F80A7 /* Tests */ = {
			isa = PBXGroup;
			children = (
				609CB9E1102FD1828A45504A /* SpotifySpikeModelTests.swift */,
				7EF5A723EFD6F834403E060A /* SpotifyTrackParserTests.swift */,
			);
			path = Tests;
			sourceTree = "<group>";
		};
		3BEC46899D145247D4F146B8 /* Products */ = {
			isa = PBXGroup;
			children = (
				344095CFCE94AECD10CBDEBB /* TrackPeek.app */,
				9A4C06534FB79978AF93A235 /* TrackPeekTests.xctest */,
			);
			name = Products;
			sourceTree = "<group>";
		};
		4778CEE53CF1313A1D3ED7DF /* Views */ = {
			isa = PBXGroup;
			children = (
				B3038E7F01249006EC47AA41 /* SpotifySpikeView.swift */,
			);
			path = Views;
			sourceTree = "<group>";
		};
		4DB17D54545BE9301B68E384 /* Stores */ = {
			isa = PBXGroup;
			children = (
				1A47F67E2514C38F7C379BD2 /* SpotifySpikeModel.swift */,
			);
			path = Stores;
			sourceTree = "<group>";
		};
		8C5D8BABEBA73413F55F62A4 /* Sources */ = {
			isa = PBXGroup;
			children = (
				3EB8B3A7EA66CB48B32DC836 /* TrackPeekApp.swift */,
				21CAC22B9C1B8EAB75544365 /* Models */,
				943762F836434F7360ABCAF6 /* Services */,
				4DB17D54545BE9301B68E384 /* Stores */,
				4778CEE53CF1313A1D3ED7DF /* Views */,
			);
			path = Sources;
			sourceTree = "<group>";
		};
		8DF1DA99C806AF76E48AF8DD = {
			isa = PBXGroup;
			children = (
				8C5D8BABEBA73413F55F62A4 /* Sources */,
				2EA68A0EBB7FAF74B71F80A7 /* Tests */,
				3BEC46899D145247D4F146B8 /* Products */,
			);
			sourceTree = "<group>";
		};
		943762F836434F7360ABCAF6 /* Services */ = {
			isa = PBXGroup;
			children = (
				B05DC7EA94592E5EFEAE1B4C /* SpotifyAppleScriptClient.swift */,
			);
			path = Services;
			sourceTree = "<group>";
		};
/* End PBXGroup section */

/* Begin PBXNativeTarget section */
		16F151A58E3F89843816A95A /* TrackPeekTests */ = {
			isa = PBXNativeTarget;
			buildConfigurationList = 592F00F1B858018156DDC69C /* Build configuration list for PBXNativeTarget "TrackPeekTests" */;
			buildPhases = (
				07821912B1AFF7E80AA61654 /* Sources */,
			);
			buildRules = (
			);
			dependencies = (
				1BC2B5ADE3CCE54B88D06C48 /* PBXTargetDependency */,
			);
			name = TrackPeekTests;
			packageProductDependencies = (
			);
			productName = TrackPeekTests;
			productReference = 9A4C06534FB79978AF93A235 /* TrackPeekTests.xctest */;
			productType = "com.apple.product-type.bundle.unit-test";
		};
		7E0DF78703E9B753924C079F /* TrackPeek */ = {
			isa = PBXNativeTarget;
			buildConfigurationList = 691C354D7EB2696940820A6D /* Build configuration list for PBXNativeTarget "TrackPeek" */;
			buildPhases = (
				62106FBB354F091906915782 /* Sources */,
			);
			buildRules = (
			);
			dependencies = (
			);
			name = TrackPeek;
			packageProductDependencies = (
			);
			productName = TrackPeek;
			productReference = 344095CFCE94AECD10CBDEBB /* TrackPeek.app */;
			productType = "com.apple.product-type.application";
		};
/* End PBXNativeTarget section */

/* Begin PBXProject section */
		EBC05B20E4A47D72C07A7A41 /* Project object */ = {
			isa = PBXProject;
			attributes = {
				BuildIndependentTargetsInParallel = YES;
				LastUpgradeCheck = 1430;
				TargetAttributes = {
					7E0DF78703E9B753924C079F = {
						ProvisioningStyle = Automatic;
					};
				};
			};
			buildConfigurationList = DAB6326333BEBD8F30022553 /* Build configuration list for PBXProject "TrackPeek" */;
			developmentRegion = en;
			hasScannedForEncodings = 0;
			knownRegions = (
				Base,
				en,
			);
			mainGroup = 8DF1DA99C806AF76E48AF8DD;
			minimizedProjectReferenceProxies = 1;
			preferredProjectObjectVersion = 77;
			productRefGroup = 3BEC46899D145247D4F146B8 /* Products */;
			projectDirPath = "";
			projectRoot = "";
			targets = (
				7E0DF78703E9B753924C079F /* TrackPeek */,
				16F151A58E3F89843816A95A /* TrackPeekTests */,
			);
		};
/* End PBXProject section */

/* Begin PBXSourcesBuildPhase section */
		07821912B1AFF7E80AA61654 /* Sources */ = {
			isa = PBXSourcesBuildPhase;
			buildActionMask = 2147483647;
			files = (
				8B418592E4B3B5E8A18EC483 /* SpotifySpikeModelTests.swift in Sources */,
				27258DD3BD493164A8A3F177 /* SpotifyTrackParserTests.swift in Sources */,
			);
			runOnlyForDeploymentPostprocessing = 0;
		};
		62106FBB354F091906915782 /* Sources */ = {
			isa = PBXSourcesBuildPhase;
			buildActionMask = 2147483647;
			files = (
				5483BC429E6D1053D247B987 /* SpotifyAppleScriptClient.swift in Sources */,
				D0D1877AC7712F2D89CD035A /* SpotifySpikeModel.swift in Sources */,
				AAA28A2E84B8C81CBAF3B84A /* SpotifySpikeView.swift in Sources */,
				06628BE4AF83E08E4C014F13 /* SpotifyTrack.swift in Sources */,
				59FF79536A31C39DF66929EF /* TrackPeekApp.swift in Sources */,
			);
			runOnlyForDeploymentPostprocessing = 0;
		};
/* End PBXSourcesBuildPhase section */

/* Begin PBXTargetDependency section */
		1BC2B5ADE3CCE54B88D06C48 /* PBXTargetDependency */ = {
			isa = PBXTargetDependency;
			target = 7E0DF78703E9B753924C079F /* TrackPeek */;
			targetProxy = 62574962F378DC518AABDD8C /* PBXContainerItemProxy */;
		};
/* End PBXTargetDependency section */

/* Begin XCBuildConfiguration section */
		4AEA5D12330B9EC6A8CA7086 /* Release */ = {
			isa = XCBuildConfiguration;
			buildSettings = {
				ASSETCATALOG_COMPILER_APPICON_NAME = AppIcon;
				CODE_SIGN_STYLE = Automatic;
				COMBINE_HIDPI_IMAGES = YES;
				ENABLE_HARDENED_RUNTIME = YES;
				GENERATE_INFOPLIST_FILE = YES;
				INFOPLIST_KEY_LSUIElement = YES;
				INFOPLIST_KEY_NSAppleEventsUsageDescription = "TrackPeek использует Automation для чтения текущего трека и управления Spotify.";
				LD_RUNPATH_SEARCH_PATHS = (
					"$(inherited)",
					"@executable_path/../Frameworks",
				);
				PRODUCT_BUNDLE_IDENTIFIER = com.trackpeek.TrackPeek;
				SDKROOT = macosx;
			};
			name = Release;
		};
		A4958ED50D9EC315E16947BF /* Debug */ = {
			isa = XCBuildConfiguration;
			buildSettings = {
				ASSETCATALOG_COMPILER_APPICON_NAME = AppIcon;
				CODE_SIGN_STYLE = Automatic;
				COMBINE_HIDPI_IMAGES = YES;
				ENABLE_HARDENED_RUNTIME = YES;
				GENERATE_INFOPLIST_FILE = YES;
				INFOPLIST_KEY_LSUIElement = YES;
				INFOPLIST_KEY_NSAppleEventsUsageDescription = "TrackPeek использует Automation для чтения текущего трека и управления Spotify.";
				LD_RUNPATH_SEARCH_PATHS = (
					"$(inherited)",
					"@executable_path/../Frameworks",
				);
				PRODUCT_BUNDLE_IDENTIFIER = com.trackpeek.TrackPeek;
				SDKROOT = macosx;
			};
			name = Debug;
		};
		A6BDEB366785B94F66033AD4 /* Release */ = {
			isa = XCBuildConfiguration;
			buildSettings = {
				ALWAYS_SEARCH_USER_PATHS = NO;
				CLANG_ANALYZER_NONNULL = YES;
				CLANG_ANALYZER_NUMBER_OBJECT_CONVERSION = YES_AGGRESSIVE;
				CLANG_CXX_LANGUAGE_STANDARD = "gnu++14";
				CLANG_CXX_LIBRARY = "libc++";
				CLANG_ENABLE_MODULES = YES;
				CLANG_ENABLE_OBJC_ARC = YES;
				CLANG_ENABLE_OBJC_WEAK = YES;
				CLANG_WARN_BLOCK_CAPTURE_AUTORELEASING = YES;
				CLANG_WARN_BOOL_CONVERSION = YES;
				CLANG_WARN_COMMA = YES;
				CLANG_WARN_CONSTANT_CONVERSION = YES;
				CLANG_WARN_DEPRECATED_OBJC_IMPLEMENTATIONS = YES;
				CLANG_WARN_DIRECT_OBJC_ISA_USAGE = YES_ERROR;
				CLANG_WARN_DOCUMENTATION_COMMENTS = YES;
				CLANG_WARN_EMPTY_BODY = YES;
				CLANG_WARN_ENUM_CONVERSION = YES;
				CLANG_WARN_INFINITE_RECURSION = YES;
				CLANG_WARN_INT_CONVERSION = YES;
				CLANG_WARN_NON_LITERAL_NULL_CONVERSION = YES;
				CLANG_WARN_OBJC_IMPLICIT_RETAIN_SELF = YES;
				CLANG_WARN_OBJC_LITERAL_CONVERSION = YES;
				CLANG_WARN_OBJC_ROOT_CLASS = YES_ERROR;
				CLANG_WARN_QUOTED_INCLUDE_IN_FRAMEWORK_HEADER = YES;
				CLANG_WARN_RANGE_LOOP_ANALYSIS = YES;
				CLANG_WARN_STRICT_PROTOTYPES = YES;
				CLANG_WARN_SUSPICIOUS_MOVE = YES;
				CLANG_WARN_UNGUARDED_AVAILABILITY = YES_AGGRESSIVE;
				CLANG_WARN_UNREACHABLE_CODE = YES;
				CLANG_WARN__DUPLICATE_METHOD_MATCH = YES;
				COPY_PHASE_STRIP = NO;
				DEBUG_INFORMATION_FORMAT = "dwarf-with-dsym";
				ENABLE_NS_ASSERTIONS = NO;
				ENABLE_STRICT_OBJC_MSGSEND = YES;
				GCC_C_LANGUAGE_STANDARD = gnu11;
				GCC_NO_COMMON_BLOCKS = YES;
				GCC_WARN_64_TO_32_BIT_CONVERSION = YES;
				GCC_WARN_ABOUT_RETURN_TYPE = YES_ERROR;
				GCC_WARN_UNDECLARED_SELECTOR = YES;
				GCC_WARN_UNINITIALIZED_AUTOS = YES_AGGRESSIVE;
				GCC_WARN_UNUSED_FUNCTION = YES;
				GCC_WARN_UNUSED_VARIABLE = YES;
				MACOSX_DEPLOYMENT_TARGET = 14.0;
				MTL_ENABLE_DEBUG_INFO = NO;
				MTL_FAST_MATH = YES;
				PRODUCT_NAME = "$(TARGET_NAME)";
				SDKROOT = macosx;
				SWIFT_COMPILATION_MODE = wholemodule;
				SWIFT_OPTIMIZATION_LEVEL = "-O";
				SWIFT_VERSION = 6.0;
			};
			name = Release;
		};
		CA097C4A43AE20CF6BD91261 /* Release */ = {
			isa = XCBuildConfiguration;
			buildSettings = {
				BUNDLE_LOADER = "$(TEST_HOST)";
				COMBINE_HIDPI_IMAGES = YES;
				GENERATE_INFOPLIST_FILE = YES;
				LD_RUNPATH_SEARCH_PATHS = (
					"$(inherited)",
					"@executable_path/../Frameworks",
					"@loader_path/../Frameworks",
				);
				PRODUCT_BUNDLE_IDENTIFIER = com.trackpeek.TrackPeekTests;
				SDKROOT = macosx;
				TEST_HOST = "$(BUILT_PRODUCTS_DIR)/TrackPeek.app/Contents/MacOS/TrackPeek";
			};
			name = Release;
		};
		D70F2B842A93EA21F7AC194E /* Debug */ = {
			isa = XCBuildConfiguration;
			buildSettings = {
				BUNDLE_LOADER = "$(TEST_HOST)";
				COMBINE_HIDPI_IMAGES = YES;
				GENERATE_INFOPLIST_FILE = YES;
				LD_RUNPATH_SEARCH_PATHS = (
					"$(inherited)",
					"@executable_path/../Frameworks",
					"@loader_path/../Frameworks",
				);
				PRODUCT_BUNDLE_IDENTIFIER = com.trackpeek.TrackPeekTests;
				SDKROOT = macosx;
				TEST_HOST = "$(BUILT_PRODUCTS_DIR)/TrackPeek.app/Contents/MacOS/TrackPeek";
			};
			name = Debug;
		};
		DE87BF0BB7CFBFE65D86DBBC /* Debug */ = {
			isa = XCBuildConfiguration;
			buildSettings = {
				ALWAYS_SEARCH_USER_PATHS = NO;
				CLANG_ANALYZER_NONNULL = YES;
				CLANG_ANALYZER_NUMBER_OBJECT_CONVERSION = YES_AGGRESSIVE;
				CLANG_CXX_LANGUAGE_STANDARD = "gnu++14";
				CLANG_CXX_LIBRARY = "libc++";
				CLANG_ENABLE_MODULES = YES;
				CLANG_ENABLE_OBJC_ARC = YES;
				CLANG_ENABLE_OBJC_WEAK = YES;
				CLANG_WARN_BLOCK_CAPTURE_AUTORELEASING = YES;
				CLANG_WARN_BOOL_CONVERSION = YES;
				CLANG_WARN_COMMA = YES;
				CLANG_WARN_CONSTANT_CONVERSION = YES;
				CLANG_WARN_DEPRECATED_OBJC_IMPLEMENTATIONS = YES;
				CLANG_WARN_DIRECT_OBJC_ISA_USAGE = YES_ERROR;
				CLANG_WARN_DOCUMENTATION_COMMENTS = YES;
				CLANG_WARN_EMPTY_BODY = YES;
				CLANG_WARN_ENUM_CONVERSION = YES;
				CLANG_WARN_INFINITE_RECURSION = YES;
				CLANG_WARN_INT_CONVERSION = YES;
				CLANG_WARN_NON_LITERAL_NULL_CONVERSION = YES;
				CLANG_WARN_OBJC_IMPLICIT_RETAIN_SELF = YES;
				CLANG_WARN_OBJC_LITERAL_CONVERSION = YES;
				CLANG_WARN_OBJC_ROOT_CLASS = YES_ERROR;
				CLANG_WARN_QUOTED_INCLUDE_IN_FRAMEWORK_HEADER = YES;
				CLANG_WARN_RANGE_LOOP_ANALYSIS = YES;
				CLANG_WARN_STRICT_PROTOTYPES = YES;
				CLANG_WARN_SUSPICIOUS_MOVE = YES;
				CLANG_WARN_UNGUARDED_AVAILABILITY = YES_AGGRESSIVE;
				CLANG_WARN_UNREACHABLE_CODE = YES;
				CLANG_WARN__DUPLICATE_METHOD_MATCH = YES;
				COPY_PHASE_STRIP = NO;
				DEBUG_INFORMATION_FORMAT = dwarf;
				ENABLE_STRICT_OBJC_MSGSEND = YES;
				ENABLE_TESTABILITY = YES;
				GCC_C_LANGUAGE_STANDARD = gnu11;
				GCC_DYNAMIC_NO_PIC = NO;
				GCC_NO_COMMON_BLOCKS = YES;
				GCC_OPTIMIZATION_LEVEL = 0;
				GCC_PREPROCESSOR_DEFINITIONS = (
					"$(inherited)",
					"DEBUG=1",
				);
				GCC_WARN_64_TO_32_BIT_CONVERSION = YES;
				GCC_WARN_ABOUT_RETURN_TYPE = YES_ERROR;
				GCC_WARN_UNDECLARED_SELECTOR = YES;
				GCC_WARN_UNINITIALIZED_AUTOS = YES_AGGRESSIVE;
				GCC_WARN_UNUSED_FUNCTION = YES;
				GCC_WARN_UNUSED_VARIABLE = YES;
				MACOSX_DEPLOYMENT_TARGET = 14.0;
				MTL_ENABLE_DEBUG_INFO = INCLUDE_SOURCE;
				MTL_FAST_MATH = YES;
				ONLY_ACTIVE_ARCH = YES;
				PRODUCT_NAME = "$(TARGET_NAME)";
				SDKROOT = macosx;
				SWIFT_ACTIVE_COMPILATION_CONDITIONS = DEBUG;
				SWIFT_OPTIMIZATION_LEVEL = "-Onone";
				SWIFT_VERSION = 6.0;
			};
			name = Debug;
		};
/* End XCBuildConfiguration section */

/* Begin XCConfigurationList section */
		592F00F1B858018156DDC69C /* Build configuration list for PBXNativeTarget "TrackPeekTests" */ = {
			isa = XCConfigurationList;
			buildConfigurations = (
				D70F2B842A93EA21F7AC194E /* Debug */,
				CA097C4A43AE20CF6BD91261 /* Release */,
			);
			defaultConfigurationIsVisible = 0;
			defaultConfigurationName = Debug;
		};
		691C354D7EB2696940820A6D /* Build configuration list for PBXNativeTarget "TrackPeek" */ = {
			isa = XCConfigurationList;
			buildConfigurations = (
				A4958ED50D9EC315E16947BF /* Debug */,
				4AEA5D12330B9EC6A8CA7086 /* Release */,
			);
			defaultConfigurationIsVisible = 0;
			defaultConfigurationName = Debug;
		};
		DAB6326333BEBD8F30022553 /* Build configuration list for PBXProject "TrackPeek" */ = {
			isa = XCConfigurationList;
			buildConfigurations = (
				DE87BF0BB7CFBFE65D86DBBC /* Debug */,
				A6BDEB366785B94F66033AD4 /* Release */,
			);
			defaultConfigurationIsVisible = 0;
			defaultConfigurationName = Debug;
		};
/* End XCConfigurationList section */
	};
	rootObject = EBC05B20E4A47D72C07A7A41 /* Project object */;
}
